github.com/BooleanCat/go-functional/v2 v2.3.0 h1:mwVrUa4MSKQNs/N4EPy0fadRLyzP+eoc0NbnzWHEzLM=
github.com/BooleanCat/go-functional/v2 v2.3.0/go.mod h1:IpUUAXAc9CiWDb+YDXkJyyUhtOVqDtyICDRg/de1IaQ=
github.com/TeaEntityLab/fpGo/v2 v2.3.4 h1:QmFRQ96HRhoqVpI67XTvXImz7MrOb2JmMLxj0aIyXRY=
github.com/TeaEntityLab/fpGo/v2 v2.3.4/go.mod h1:b06fRNLSnNiUwfSskBC3f3cocA4mAC2iySdtaP/T9uA=
github.com/ahmetb/go-linq/v3 v3.2.0 h1:BEuMfp+b59io8g5wYzNoFe9pWPalRklhlhbiU3hYZDE=
github.com/ahmetb/go-linq/v3 v3.2.0/go.mod h1:haQ3JfOeWK8HpVxMtHHEMPVgBKiYyQ+f1/kLZh/cj9U=
github.com/binaryphile/fluentfp v0.0.0-20241028195515-c4255ffbfe73 h1:JP2XAqvTk1D6I8sB2VWfS42wy7LpR+R7m8ONSPSiiNA=
github.com/binaryphile/fluentfp v0.0.0-20241028195515-c4255ffbfe73/go.mod h1:vPlnsRESNRr67jS4EWGwMI8Gn/o50x35dGQjN/xWqcw=
github.com/davecgh/go-spew v1.1.0/go.mod h1:J7Y8YcW2NihsgmVo/mv3lAwl/skON4iLHjSsI+c5H38=
github.com/davecgh/go-spew v1.1.1 h1:vj9j/u1bqnvCEfJOwUhtlOARqs3+rkHYY13jYWTU97c=
github.com/davecgh/go-spew v1.1.1/go.mod h1:J7Y8YcW2NihsgmVo/mv3lAwl/skON4iLHjSsI+c5H38=
github.com/google/go-cmp v0.6.0 h1:ofyhxvXcZhMsU5ulbFiLKl/XBFqE1GSq7atu8tAmTRI=
github.com/google/go-cmp v0.6.0/go.mod h1:17dUlkBOakJ0+DkrSSNjCkIjxS6bF9zb3elmeNGIjoY=
github.com/pmezard/go-difflib v1.0.0 h1:4DBwDE0NGyQoBHbLQYPwSUPoCMWR5BEzIk/f1lZbAQM=
github.com/pmezard/go-difflib v1.0.0/go.mod h1:iKH77koFhYxTK1pcRnkKkqfTogsbg7gZNVY4sRDYZ/4=
github.com/rbrahul/gofp v1.0.1 h1:68kKiJIxRYdoDj6+YmFv7vIzAI6rH5ADNnu58HSJw0A=
github.com/rbrahul/gofp v1.0.1/go.mod h1:3T9gKSoBictrx/uuehjkEBrC/fnVLUl6oq+A0D9MFfI=
github.com/repeale/fp-go v0.11.1 h1:Q/e+gNyyHaxKAyfdbBqvip3DxhVWH453R+kthvSr9Mk=
github.com/repeale/fp-go v0.11.1/go.mod h1:4KrwQJB1VRY+06CA+jTc4baZetr6o2PeuqnKr5ybQUc=
github.com/rjNemo/underscore v0.7.0 h1:CeWQaDDWl541/gCj7ti8W7/koXNHwu73Riuc4SQZjVo=
github.com/rjNemo/underscore v0.7.0/go.mod h1:NJl2GYBIOdEaXdTD/MDyKgG6Wq7ZT+BOXlrU8GZEbdc=
github.com/samber/lo v1.47.0 h1:z7RynLwP5nbyRscyvcD043DWYoOcYRv3mV8lBeqOCLc=
github.com/samber/lo v1.47.0/go.mod h1:RmDH9Ct32Qy3gduHQuKJ3gW1fMHAnE/fAzQuf6He5cU=
github.com/seborama/fuego/v12 v12.0.0 h1:zxcSH5r04W4HveHwhf3TQd3CaDTGmjWVJ4z2FQu6MtA=
github.com/seborama/fuego/v12 v12.0.0/go.mod h1:vuj7lFqB7lZovHrEIzIl+jGm9Q+GAj9Ga5zGAERdweI=
github.com/stretchr/objx v0.1.0/go.mod h1:HFkY916IF+rwdDfMAkV7OtwuqBVzrE8GR6GFx+wExME=
github.com/stretchr/testify v1.4.0/go.mod h1:j7eGeouHqKxXV5pUuKE4zz7dFj8WfuZ+81PSLYec5m4=
github.com/stretchr/testify v1.8.4 h1:CcVxjf3Q8PM0mHUKJCdn+eZZtm5yQwehR5yeSVQQcUk=
github.com/stretchr/testify v1.8.4/go.mod h1:sz/lmYIOXD/1dqDmKjjqLyZ2RngseejIcXlSw2iwfAo=
github.com/thoas/go-funk v0.9.3 h1:7+nAEx3kn5ZJcnDm2Bh23N2yOtweO14bi//dvRtgLpw=
github.com/thoas/go-funk v0.9.3/go.mod h1:+IWnUfUmFO1+WVYQWQtIJHeRRdaIyyYglZN7xzUPe4Q=
go.uber.org/goleak v1.3.0 h1:2K3zAYmnTNqV73imy9J1T3WC+gmCePx2hEGkimedGto=
go.uber.org/goleak v1.3.0/go.mod h1:CoHD4mav9JJNrW/WLlf7HGZPjdw8EucARQHekz1X6bE=
go.uber.org/multierr v1.11.0 h1:blXXJkSxSSfBVBlC76pxqeO+LN3aDfLQo+309xJstO0=
go.uber.org/multierr v1.11.0/go.mod h1:20+QtiLqy0Nd6FdQB9TLXag12DsQkrbs3htMFfDN80Y=
go.uber.org/zap v1.27.0 h1:aJMhYGrd5QSmlpLMr2MftRKl7t8J8PTZPA732ud/XR8=
go.uber.org/zap v1.27.0/go.mod h1:GB2qFLM7cTU87MWRP2mPIjqfIDnGu+VIO4V/SdhGo2E=
golang.org/x/exp v0.0.0-20240904232852-e7e105dedf7e h1:I88y4caeGeuDQxgdoFPUq097j7kNfw6uvuiNxUBfcBk=
golang.org/x/exp v0.0.0-20240904232852-e7e105dedf7e/go.mod h1:akd2r19cwCdwSwWeIdzYQGa/EZZyqcOdwWiwj5L5eKQ=
golang.org/x/text v0.16.0 h1:a94ExnEXNtEwYLGJSIUxnWoxoRz/ZcCsV63ROupILh4=
golang.org/x/text v0.16.0/go.mod h1:GhwF1Be+LQoKShO3cGOHzqOgRrGaYc9AvblQOmPVHnI=
gopkg.in/check.v1 v0.0.0-20161208181325-20d25e280405/go.mod h1:Co6ibVJAznAaIkqp8huTwlJQCZ016jof/cbN4VW5Yz0=
gopkg.in/yaml.v2 v2.2.2/go.mod h1:hI93XBmqTisBFMUTm0b8Fm+jr3Dg1NNxqwp+5A1VGuI=
gopkg.in/yaml.v3 v3.0.1 h1:fxVm/GzAzEWqLHuvctI91KS9hhNmmWOoWu0XTYJS7CA=
gopkg.in/yaml.v3 v3.0.1/go.mod h1:K4uyk7z7BCEPqu6E+C64Yfv1cQ7kz7rIZviUmN+EgEM=
